// !$*UTF8*$!
{
	archiveVersion = 1;
	classes = {
	};
	objectVersion = 56;
	objects = {

/* Begin PBXBuildFile section */
		C1B3968D29A5EBA500EA5AED /* AppDelegate.swift in Sources */ = {isa = PBXBuildFile; fileRef = C1B3968C29A5EBA500EA5AED /* AppDelegate.swift */; };
		C1B3968F29A5EBA500EA5AED /* SceneDelegate.swift in Sources */ = {isa = PBXBuildFile; fileRef = C1B3968E29A5EBA500EA5AED /* SceneDelegate.swift */; };
		C1B3969429A5EBA500EA5AED /* Main.storyboard in Resources */ = {isa = PBXBuildFile; fileRef = C1B3969229A5EBA500EA5AED /* Main.storyboard */; };
		C1B3969629A5EBA600EA5AED /* Assets.xcassets in Resources */ = {isa = PBXBuildFile; fileRef = C1B3969529A5EBA600EA5AED /* Assets.xcassets */; };
		C1B3969929A5EBA600EA5AED /* LaunchScreen.storyboard in Resources */ = {isa = PBXBuildFile; fileRef = C1B3969729A5EBA600EA5AED /* LaunchScreen.storyboard */; };
		C1B396A529A5ED8000EA5AED /* TableViewController.swift in Sources */ = {isa = PBXBuildFile; fileRef = C1B396A429A5ED8000EA5AED /* TableViewController.swift */; };
		C1B396A729A5EDAB00EA5AED /* AddViewController.swift in Sources */ = {isa = PBXBuildFile; fileRef = C1B396A629A5EDAB00EA5AED /* AddViewController.swift */; };
		C1B396A929A5EDBB00EA5AED /* DetailViewController.swift in Sources */ = {isa = PBXBuildFile; fileRef = C1B396A829A5EDBB00EA5AED /* DetailViewController.swift */; };
		C1B396AD29A5EEE700EA5AED /* cart.png in Resources */ = {isa = PBXBuildFile; fileRef = C1B396AA29A5EEE700EA5AED /* cart.png */; };
		C1B396AF29A5EEE700EA5AED /* clock.png in Resources */ = {isa = PBXBuildFile; fileRef = C1B396AC29A5EEE700EA5AED /* clock.png */; };
		C1B396B129A5F03000EA5AED /* pencil.png in Resources */ = {isa = PBXBuildFile; fileRef = C1B396B029A5F03000EA5AED /* pencil.png */; };
		C1B396B329A5F0BF00EA5AED /* lamp_on.png in Resources */ = {isa = PBXBuildFile; fileRef = C1B396B229A5F0BF00EA5AED /* lamp_on.png */; };
/* End PBXBuildFile section */

/* Begin PBXFileReference section */
		C1B3968929A5EBA500EA5AED /* Table.app */ = {isa = PBXFileReference; explicitFileType = wrapper.application; includeInIndex = 0; path = Table.app; sourceTree = BUILT_PRODUCTS_DIR; };
		C1B3968C29A5EBA500EA5AED /* AppDelegate.swift */ = {isa = PBXFileReference; lastKnownFileType = sourcecode.swift; path = AppDelegate.swift; sourceTree = "<group>"; };
		C1B3968E29A5EBA500EA5AED /* SceneDelegate.swift */ = {isa = PBXFileReference; lastKnownFileType = sourcecode.swift; path = SceneDelegate.swift; sourceTree = "<group>"; };
		C1B3969329A5EBA500EA5AED /* Base */ = {isa = PBXFileReference; lastKnownFileType = file.storyboard; name = Base; path = Base.lproj/Main.storyboard; sourceTree = "<group>"; };
		C1B3969529A5EBA600EA5AED /* Assets.xcassets */ = {isa = PBXFileReference; lastKnownFileType = folder.assetcatalog; path = Assets.xcassets; sourceTree = "<group>"; };
		C1B3969829A5EBA600EA5AED /* Base */ = {isa = PBXFileReference; lastKnownFileType = file.storyboard; name = Base; path = Base.lproj/LaunchScreen.storyboard; sourceTree = "<group>"; };
		C1B3969A29A5EBA600EA5AED /* Info.plist */ = {isa = PBXFileReference; lastKnownFileType = text.plist.xml; path = Info.plist; sourceTree = "<group>"; };
		C1B396A429A5ED8000EA5AED /* TableViewController.swift */ = {isa = PBXFileReference; lastKnownFileType = sourcecode.swift; path = TableViewController.swift; sourceTree = "<group>"; };
		C1B396A629A5EDAB00EA5AED /* AddViewController.swift */ = {isa = PBXFileReference; lastKnownFileType = sourcecode.swift; path = AddViewController.swift; sourceTree = "<group>"; };
		C1B396A829A5EDBB00EA5AED /* DetailViewController.swift */ = {isa = PBXFileReference; lastKnownFileType = sourcecode.swift; path = DetailViewController.swift; sourceTree = "<group>"; };
		C1B396AA29A5EEE700EA5AED /* cart.png */ = {isa = PBXFileReference; lastKnownFileType = image.png; path = cart.png; sourceTree = "<group>"; };
		C1B396AC29A5EEE700EA5AED /* clock.png */ = {isa = PBXFileReference; lastKnownFileType = image.png; path = clock.png; sourceTree = "<group>"; };
		C1B396B029A5F03000EA5AED /* pencil.png */ = {isa = PBXFileReference; lastKnownFileType = image.png; path = pencil.png; sourceTree = "<group>"; };
		C1B396B229A5F0BF00EA5AED /* lamp_on.png */ = {isa = PBXFileReference; lastKnownFileType = image.png; path = lamp_on.png; sourceTree = "<group>"; };
/* End PBXFileReference section */

/* Begin PBXFrameworksBuildPhase section */
		C1B3968629A5EBA500EA5AED /* Frameworks */ = {
			isa = PBXFrameworksBuildPhase;
			buildActionMask = 2147483647;
			files = (
			);
			runOnlyForDeploymentPostprocessing = 0;
		};
/* End PBXFrameworksBuildPhase section */

/* Begin PBXGroup section */
		C1B3968029A5EBA500EA5AED = {
			isa = PBXGroup;
			children = (
				C1B3968B29A5EBA500EA5AED /* Table */,
				C1B3968A29A5EBA500EA5AED /* Products */,
			);
			sourceTree = "<group>";
		};
		C1B3968A29A5EBA500EA5AED /* Products */ = {
			isa = PBXGroup;
			children = (
				C1B3968929A5EBA500EA5AED /* Table.app */,
			);
			name = Products;
			sourceTree = "<group>";
		};
		C1B3968B29A5EBA500EA5AED /* Table */ = {
			isa = PBXGroup;
			children = (
				C1B396B029A5F03000EA5AED /* pencil.png */,
				C1B396AA29A5EEE700EA5AED /* cart.png */,
				C1B396AC29A5EEE700EA5AED /* clock.png */,
				C1B396B229A5F0BF00EA5AED /* lamp_on.png */,
				C1B3968C29A5EBA500EA5AED /* AppDelegate.swift */,
				C1B396A629A5EDAB00EA5AED /* AddViewController.swift */,
				C1B396A829A5EDBB00EA5AED /* DetailViewController.swift */,
				C1B3968E29A5EBA500EA5AED /* SceneDelegate.swift */,
				C1B3969229A5EBA500EA5AED /* Main.storyboard */,
				C1B3969529A5EBA600EA5AED /* Assets.xcassets */,
				C1B3969729A5EBA600EA5AED /* LaunchScreen.storyboard */,
				C1B3969A29A5EBA600EA5AED /* Info.plist */,
				C1B396A429A5ED8000EA5AED /* TableViewController.swift */,
			);
			path = Table;
			sourceTree = "<group>";
		};
/* End PBXGroup section */

/* Begin PBXNativeTarget section */
		C1B3968829A5EBA500EA5AED /* Table */ = {
			isa = PBXNativeTarget;
			buildConfigurationList = C1B3969D29A5EBA600EA5AED /* Build configuration list for PBXNativeTarget "Table" */;
			buildPhases = (
				C1B3968529A5EBA500EA5AED /* Sources */,
				C1B3968629A5EBA500EA5AED /* Frameworks */,
				C1B3968729A5EBA500EA5AED /* Resources */,
			);
			buildRules = (
			);
			dependencies = (
			);
			name = Table;
			productName = Table;
			productReference = C1B3968929A5EBA500EA5AED /* Table.app */;
			productType = "com.apple.product-type.application";
		};
/* End PBXNativeTarget section */

/* Begin PBXProject section */
		C1B3968129A5EBA500EA5AED /* Project object */ = {
			isa = PBXProject;
			attributes = {
				BuildIndependentTargetsInParallel = 1;
				LastSwiftUpdateCheck = 1410;
				LastUpgradeCheck = 1410;
				TargetAttributes = {
					C1B3968829A5EBA500EA5AED = {
						CreatedOnToolsVersion = 14.1;
					};
				};
			};
			buildConfigurationList = C1B3968429A5EBA500EA5AED /* Build configuration list for PBXProject "Table" */;
			compatibilityVersion = "Xcode 14.0";
			developmentRegion = en;
			hasScannedForEncodings = 0;
			knownRegions = (
				en,
				Base,
			);
			mainGroup = C1B3968029A5EBA500EA5AED;
			productRefGroup = C1B3968A29A5EBA500EA5AED /* Products */;
			projectDirPath = "";
			projectRoot = "";
			targets = (
				C1B3968829A5EBA500EA5AED /* Table */,
			);
		};
/* End PBXProject section */

/* Begin PBXResourcesBuildPhase section */
		C1B3968729A5EBA500EA5AED /* Resources */ = {
			isa = PBXResourcesBuildPhase;
			buildActionMask = 2147483647;
			files = (
				C1B396B129A5F03000EA5AED /* pencil.png in Resources */,
				C1B396AF29A5EEE700EA5AED /* clock.png in Resources */,
				C1B3969929A5EBA600EA5AED /* LaunchScreen.storyboard in Resources */,
				C1B396AD29A5EEE700EA5AED /* cart.png in Resources */,
				C1B3969629A5EBA600EA5AED /* Assets.xcassets in Resources */,
				C1B3969429A5EBA500EA5AED /* Main.storyboard in Resources */,
				C1B396B329A5F0BF00EA5AED /* lamp_on.png in Resources */,
			);
			runOnlyForDeploymentPostprocessing = 0;
		};
/* End PBXResourcesBuildPhase section */

/* Begin PBXSourcesBuildPhase section */
		C1B3968529A5EBA500EA5AED /* Sources */ = {
			isa = PBXSourcesBuildPhase;
			buildActionMask = 2147483647;
			files = (
				C1B3968D29A5EBA500EA5AED /* AppDelegate.swift in Sources */,
				C1B396A529A5ED8000EA5AED /* TableViewController.swift in Sources */,
				C1B396A929A5EDBB00EA5AED /* DetailViewController.swift in Sources */,
				C1B396A729A5EDAB00EA5AED /* AddViewController.swift in Sources */,
				C1B3968F29A5EBA500EA5AED /* SceneDelegate.swift in Sources */,
			);
			runOnlyForDeploymentPostprocessing = 0;
		};
/* End PBXSourcesBuildPhase section */

/* Begin PBXVariantGroup section */
		C1B3969229A5EBA500EA5AED /* Main.storyboard */ = {
			isa = PBXVariantGroup;
			children = (
				C1B3969329A5EBA500EA5AED /* Base */,
			);
			name = Main.storyboard;
			sourceTree = "<group>";
		};
		C1B3969729A5EBA600EA5AED /* LaunchScreen.storyboard */ = {
			isa = PBXVariantGroup;
			children = (
				C1B3969829A5EBA600EA5AED /* Base */,
			);
			name = LaunchScreen.storyboard;
			sourceTree = "<group>";
		};
/* End PBXVariantGroup section */

/* Begin XCBuildConfiguration section */
		C1B3969B29A5EBA600EA5AED /* Debug */ = {
			isa = XCBuildConfiguration;
			buildSettings = {
				ALWAYS_SEARCH_USER_PATHS = NO;
				CLANG_ANALYZER_NONNULL = YES;
				CLANG_ANALYZER_NUMBER_OBJECT_CONVERSION = YES_AGGRESSIVE;
				CLANG_CXX_LANGUAGE_STANDARD = "gnu++20";
				CLANG_ENABLE_MODULES = YES;
				CLANG_ENABLE_OBJC_ARC = YES;
				CLANG_ENABLE_OBJC_WEAK = YES;
				CLANG_WARN_BLOCK_CAPTURE_AUTORELEASING = YES;
				CLANG_WARN_BOOL_CONVERSION = YES;
				CLANG_WARN_COMMA = YES;
				CLANG_WARN_CONSTANT_CONVERSION = YES;
				CLANG_WARN_DEPRECATED_OBJC_IMPLEMENTATIONS = YES;
				CLANG_WARN_DIRECT_OBJC_ISA_USAGE = YES_ERROR;
				CLANG_WARN_DOCUMENTATION_COMMENTS = YES;
				CLANG_WARN_EMPTY_BODY = YES;
				CLANG_WARN_ENUM_CONVERSION = YES;
				CLANG_WARN_INFINITE_RECURSION = YES;
				CLANG_WARN_INT_CONVERSION = YES;
				CLANG_WARN_NON_LITERAL_NULL_CONVERSION = YES;
				CLANG_WARN_OBJC_IMPLICIT_RETAIN_SELF = YES;
				CLANG_WARN_OBJC_LITERAL_CONVERSION = YES;
				CLANG_WARN_OBJC_ROOT_CLASS = YES_ERROR;
				CLANG_WARN_QUOTED_INCLUDE_IN_FRAMEWORK_HEADER = YES;
				CLANG_WARN_RANGE_LOOP_ANALYSIS = YES;
				CLANG_WARN_STRICT_PROTOTYPES = YES;
				CLANG_WARN_SUSPICIOUS_MOVE = YES;
				CLANG_WARN_UNGUARDED_AVAILABILITY = YES_AGGRESSIVE;
				CLANG_WARN_UNREACHABLE_CODE = YES;
				CLANG_WARN__DUPLICATE_METHOD_MATCH = YES;
				COPY_PHASE_STRIP = NO;
				DEBUG_INFORMATION_FORMAT = dwarf;
				ENABLE_STRICT_OBJC_MSGSEND = YES;
				ENABLE_TESTABILITY = YES;
				GCC_C_LANGUAGE_STANDARD = gnu11;
				GCC_DYNAMIC_NO_PIC = NO;
				GCC_NO_COMMON_BLOCKS = YES;
				GCC_OPTIMIZATION_LEVEL = 0;
				GCC_PREPROCESSOR_DEFINITIONS = (
					"DEBUG=1",
					"$(inherited)",
				);
				GCC_WARN_64_TO_32_BIT_CONVERSION = YES;
				GCC_WARN_ABOUT_RETURN_TYPE = YES_ERROR;
				GCC_WARN_UNDECLARED_SELECTOR = YES;
				GCC_WARN_UNINITIALIZED_AUTOS = YES_AGGRESSIVE;
				GCC_WARN_UNUSED_FUNCTION = YES;
				GCC_WARN_UNUSED_VARIABLE = YES;
				IPHONEOS_DEPLOYMENT_TARGET = 16.1;
				MTL_ENABLE_DEBUG_INFO = INCLUDE_SOURCE;
				MTL_FAST_MATH = YES;
				ONLY_ACTIVE_ARCH = YES;
				SDKROOT = iphoneos;
				SWIFT_ACTIVE_COMPILATION_CONDITIONS = DEBUG;
				SWIFT_OPTIMIZATION_LEVEL = "-Onone";
			};
			name = Debug;
		};
		C1B3969C29A5EBA600EA5AED /* Release */ = {
			isa = XCBuildConfiguration;
			buildSettings = {
				ALWAYS_SEARCH_USER_PATHS = NO;
				CLANG_ANALYZER_NONNULL = YES;
				CLANG_ANALYZER_NUMBER_OBJECT_CONVERSION = YES_AGGRESSIVE;
				CLANG_CXX_LANGUAGE_STANDARD = "gnu++20";
				CLANG_ENABLE_MODULES = YES;
				CLANG_ENABLE_OBJC_ARC = YES;
				CLANG_ENABLE_OBJC_WEAK = YES;
				CLANG_WARN_BLOCK_CAPTURE_AUTORELEASING = YES;
				CLANG_WARN_BOOL_CONVERSION = YES;
				CLANG_WARN_COMMA = YES;
				CLANG_WARN_CONSTANT_CONVERSION = YES;
				CLANG_WARN_DEPRECATED_OBJC_IMPLEMENTATIONS = YES;
				CLANG_WARN_DIRECT_OBJC_ISA_USAGE = YES_ERROR;
				CLANG_WARN_DOCUMENTATION_COMMENTS = YES;
				CLANG_WARN_EMPTY_BODY = YES;
				CLANG_WARN_ENUM_CONVERSION = YES;
				CLANG_WARN_INFINITE_RECURSION = YES;
				CLANG_WARN_INT_CONVERSION = YES;
				CLANG_WARN_NON_LITERAL_NULL_CONVERSION = YES;
				CLANG_WARN_OBJC_IMPLICIT_RETAIN_SELF = YES;
				CLANG_WARN_OBJC_LITERAL_CONVERSION = YES;
				CLANG_WARN_OBJC_ROOT_CLASS = YES_ERROR;
				CLANG_WARN_QUOTED_INCLUDE_IN_FRAMEWORK_HEADER = YES;
				CLANG_WARN_RANGE_LOOP_ANALYSIS = YES;
				CLANG_WARN_STRICT_PROTOTYPES = YES;
				CLANG_WARN_SUSPICIOUS_MOVE = YES;
				CLANG_WARN_UNGUARDED_AVAILABILITY = YES_AGGRESSIVE;
				CLANG_WARN_UNREACHABLE_CODE = YES;
				CLANG_WARN__DUPLICATE_METHOD_MATCH = YES;
				COPY_PHASE_STRIP = NO;
				DEBUG_INFORMATION_FORMAT = "dwarf-with-dsym";
				ENABLE_NS_ASSERTIONS = NO;
				ENABLE_STRICT_OBJC_MSGSEND = YES;
				GCC_C_LANGUAGE_STANDARD = gnu11;
				GCC_NO_COMMON_BLOCKS = YES;
				GCC_WARN_64_TO_32_BIT_CONVERSION = YES;
				GCC_WARN_ABOUT_RETURN_TYPE = YES_ERROR;
				GCC_WARN_UNDECLARED_SELECTOR = YES;
				GCC_WARN_UNINITIALIZED_AUTOS = YES_AGGRESSIVE;
				GCC_WARN_UNUSED_FUNCTION = YES;
				GCC_WARN_UNUSED_VARIABLE = YES;
				IPHONEOS_DEPLOYMENT_TARGET = 16.1;
				MTL_ENABLE_DEBUG_INFO = NO;
				MTL_FAST_MATH = YES;
				SDKROOT = iphoneos;
				SWIFT_COMPILATION_MODE = wholemodule;
				SWIFT_OPTIMIZATION_LEVEL = "-O";
				VALIDATE_PRODUCT = YES;
			};
			name = Release;
		};
		C1B3969E29A5EBA600EA5AED /* Debug */ = {
			isa = XCBuildConfiguration;
			buildSettings = {
				ASSETCATALOG_COMPILER_APPICON_NAME = AppIcon;
				ASSETCATALOG_COMPILER_GLOBAL_ACCENT_COLOR_NAME = AccentColor;
				CODE_SIGN_STYLE = Automatic;
				CURRENT_PROJECT_VERSION = 1;
				DEVELOPMENT_TEAM = V92877W8S6;
				GENERATE_INFOPLIST_FILE = YES;
				INFOPLIST_FILE = Table/Info.plist;
				INFOPLIST_KEY_UIApplicationSupportsIndirectInputEvents = YES;
				INFOPLIST_KEY_UILaunchStoryboardName = LaunchScreen;
				INFOPLIST_KEY_UIMainStoryboardFile = Main;
				INFOPLIST_KEY_UISupportedInterfaceOrientations_iPad = "UIInterfaceOrientationPortrait UIInterfaceOrientationPortraitUpsideDown UIInterfaceOrientationLandscapeLeft UIInterfaceOrientationLandscapeRight";
				INFOPLIST_KEY_UISupportedInterfaceOrientations_iPhone = "UIInterfaceOrientationPortrait UIInterfaceOrientationLandscapeLeft UIInterfaceOrientationLandscapeRight";
				LD_RUNPATH_SEARCH_PATHS = (
					"$(inherited)",
					"@executable_path/Frameworks",
				);
				MARKETING_VERSION = 1.0;
				PRODUCT_BUNDLE_IDENTIFIER = LJU.Table;
				PRODUCT_NAME = "$(TARGET_NAME)";
				SWIFT_EMIT_LOC_STRINGS = YES;
				SWIFT_VERSION = 5.0;
				TARGETED_DEVICE_FAMILY = "1,2";
			};
			name = Debug;
		};
		C1B3969F29A5EBA600EA5AED /* Release */ = {
			isa = XCBuildConfiguration;
			buildSettings = {
				ASSETCATALOG_COMPILER_APPICON_NAME = AppIcon;
				ASSETCATALOG_COMPILER_GLOBAL_ACCENT_COLOR_NAME = AccentColor;
				CODE_SIGN_STYLE = Automatic;
				CURRENT_PROJECT_VERSION = 1;
				DEVELOPMENT_TEAM = V92877W8S6;
				GENERATE_INFOPLIST_FILE = YES;
				INFOPLIST_FILE = Table/Info.plist;
				INFOPLIST_KEY_UIApplicationSupportsIndirectInputEvents = YES;
				INFOPLIST_KEY_UILaunchStoryboardName = LaunchScreen;
				INFOPLIST_KEY_UIMainStoryboardFile = Main;
				INFOPLIST_KEY_UISupportedInterfaceOrientations_iPad = "UIInterfaceOrientationPortrait UIInterfaceOrientationPortraitUpsideDown UIInterfaceOrientationLandscapeLeft UIInterfaceOrientationLandscapeRight";
				INFOPLIST_KEY_UISupportedInterfaceOrientations_iPhone = "UIInterfaceOrientationPortrait UIInterfaceOrientationLandscapeLeft UIInterfaceOrientationLandscapeRight";
				LD_RUNPATH_SEARCH_PATHS = (
					"$(inherited)",
					"@executable_path/Frameworks",
				);
				MARKETING_VERSION = 1.0;
				PRODUCT_BUNDLE_IDENTIFIER = LJU.Table;
				PRODUCT_NAME = "$(TARGET_NAME)";
				SWIFT_EMIT_LOC_STRINGS = YES;
				SWIFT_VERSION = 5.0;
				TARGETED_DEVICE_FAMILY = "1,2";
			};
			name = Release;
		};
/* End XCBuildConfiguration section */

/* Begin XCConfigurationList section */
		C1B3968429A5EBA500EA5AED /* Build configuration list for PBXProject "Table" */ = {
			isa = XCConfigurationList;
			buildConfigurations = (
				C1B3969B29A5EBA600EA5AED /* Debug */,
				C1B3969C29A5EBA600EA5AED /* Release */,
			);
			defaultConfigurationIsVisible = 0;
			defaultConfigurationName = Release;
		};
		C1B3969D29A5EBA600EA5AED /* Build configuration list for PBXNativeTarget "Table" */ = {
			isa = XCConfigurationList;
			buildConfigurations = (
				C1B3969E29A5EBA600EA5AED /* Debug */,
				C1B3969F29A5EBA600EA5AED /* Release */,
			);
			defaultConfigurationIsVisible = 0;
			defaultConfigurationName = Release;
		};
/* End XCConfigurationList section */
	};
	rootObject = C1B3968129A5EBA500EA5AED /* Project object */;
}
